<?xml version="1.0" encoding="utf-8"?>
<Project ToolsVersion="4.0" xmlns="http://schemas.microsoft.com/developer/msbuild/2003">
  <ItemGroup>
    <Filter Include="소스 파일">
      <UniqueIdentifier>{4FC737F1-C7A5-4376-A066-2A32D752A2FF}</UniqueIdentifier>
      <Extensions>cpp;c;cc;cxx;def;odl;idl;hpj;bat;asm;asmx</Extensions>
    </Filter>
    <Filter Include="헤더 파일">
      <UniqueIdentifier>{93995380-89BD-4b04-88EB-625FBE52EBFB}</UniqueIdentifier>
      <Extensions>h;hh;hpp;hxx;hm;inl;inc;ipp;xsd</Extensions>
    </Filter>
    <Filter Include="리소스 파일">
      <UniqueIdentifier>{67DA6AB6-F800-4c08-8B7A-83BB121AAD01}</UniqueIdentifier>
      <Extensions>rc;ico;cur;bmp;dlg;rc2;rct;bin;rgs;gif;jpg;jpeg;jpe;resx;tiff;tif;png;wav;mfcribbon-ms</Extensions>
    </Filter>
    <Filter Include="Image">
      <UniqueIdentifier>{1f3758c1-1ee2-4b7d-b68e-b7bdf51236b5}</UniqueIdentifier>
    </Filter>
    <Filter Include="Manager">
      <UniqueIdentifier>{9c9cbe22-a85c-4907-9dfe-ae09b7ae8b60}</UniqueIdentifier>
    </Filter>
    <Filter Include="Stone">
      <UniqueIdentifier>{57786be5-775d-43f9-a82d-8c801d931c6b}</UniqueIdentifier>
    </Filter>
  </ItemGroup>
  <ItemGroup>
    <ClInclude Include="framework.h">
      <Filter>헤더 파일</Filter>
    </ClInclude>
    <ClInclude Include="Resource.h">
      <Filter>헤더 파일</Filter>
    </ClInclude>
    <ClInclude Include="BoardGraphic.h">
      <Filter>헤더 파일</Filter>
    </ClInclude>
    <ClInclude Include="BoardManager.h">
      <Filter>헤더 파일</Filter>
    </ClInclude>
    <ClInclude Include="GiboNGF.h">
      <Filter>헤더 파일</Filter>
    </ClInclude>
    <ClInclude Include="GiboSGF.h">
      <Filter>헤더 파일</Filter>
    </ClInclude>
    <ClInclude Include="Go.h">
      <Filter>헤더 파일</Filter>
    </ClInclude>
    <ClInclude Include="LinkedListStack.h">
      <Filter>헤더 파일</Filter>
    </ClInclude>
    <ClInclude Include="mydatastructure.h">
      <Filter>헤더 파일</Filter>
    </ClInclude>
    <ClInclude Include="Mywmkey.h">
      <Filter>헤더 파일</Filter>
    </ClInclude>
    <ClInclude Include="MyString.h">
      <Filter>헤더 파일</Filter>
    </ClInclude>
    <ClInclude Include="MySocket.h">
      <Filter>헤더 파일</Filter>
    </ClInclude>
    <ClInclude Include="Player.h">
      <Filter>헤더 파일</Filter>
    </ClInclude>
    <ClInclude Include="PlacementInfo.h">
      <Filter>헤더 파일</Filter>
    </ClInclude>
    <ClInclude Include="GoWinManager.h">
      <Filter>Manager</Filter>
    </ClInclude>
    <ClInclude Include="Image.h">
      <Filter>Image</Filter>
    </ClInclude>
    <ClInclude Include="ImageManager.h">
      <Filter>Manager</Filter>
    </ClInclude>
    <ClInclude Include="Singleton.h">
      <Filter>Manager</Filter>
    </ClInclude>
    <ClInclude Include="Stone.h">
      <Filter>Stone</Filter>
    </ClInclude>
  </ItemGroup>
  <ItemGroup>
    <ClCompile Include="BoardGraphic.cpp">
      <Filter>소스 파일</Filter>
    </ClCompile>
    <ClCompile Include="BoardManager.cpp">
      <Filter>소스 파일</Filter>
    </ClCompile>
    <ClCompile Include="GiboNGF.cpp">
      <Filter>소스 파일</Filter>
    </ClCompile>
    <ClCompile Include="Go.cpp">
      <Filter>소스 파일</Filter>
    </ClCompile>
    <ClCompile Include="GoWin.cpp">
      <Filter>소스 파일</Filter>
    </ClCompile>
    <ClCompile Include="Main.cpp">
      <Filter>소스 파일</Filter>
    </ClCompile>
    <ClCompile Include="MyString.cpp">
      <Filter>소스 파일</Filter>
    </ClCompile>
    <ClCompile Include="MySocket.cpp">
      <Filter>소스 파일</Filter>
    </ClCompile>
    <ClCompile Include="GoWinManager.cpp">
      <Filter>Manager</Filter>
    </ClCompile>
    <ClCompile Include="mydatastructure.cpp">
      <Filter>소스 파일</Filter>
    </ClCompile>
    <ClCompile Include="Player.cpp">
      <Filter>소스 파일</Filter>
    </ClCompile>
    <ClCompile Include="PlacementInfo.cpp">
      <Filter>소스 파일</Filter>
    </ClCompile>
    <ClCompile Include="Image.cpp">
      <Filter>Image</Filter>
    </ClCompile>
    <ClCompile Include="ImageManager.cpp">
      <Filter>Manager</Filter>
    </ClCompile>
    <ClCompile Include="Stone.cpp">
      <Filter>Stone</Filter>
    </ClCompile>
  </ItemGroup>
  <ItemGroup>
    <Image Include="GoWin.ico">
      <Filter>리소스 파일</Filter>
    </Image>
    <Image Include="Resource\Go_b.bmp">
      <Filter>리소스 파일</Filter>
    </Image>
    <Image Include="Resource\Go_bg.bmp">
      <Filter>리소스 파일</Filter>
    </Image>
    <Image Include="Resource\Go_board.bmp">
      <Filter>리소스 파일</Filter>
    </Image>
    <Image Include="Resource\Go_w.bmp">
      <Filter>리소스 파일</Filter>
    </Image>
    <Image Include="Resource\GoWin.ico">
      <Filter>리소스 파일</Filter>
    </Image>
    <Image Include="Resource\small.ico">
      <Filter>리소스 파일</Filter>
    </Image>
    <Image Include="Resource\icon.ico">
      <Filter>리소스 파일</Filter>
    </Image>
    <Image Include="Resource\120x140.bmp">
      <Filter>리소스 파일</Filter>
    </Image>
  </ItemGroup>
  <ItemGroup>
    <ResourceCompile Include="GoWin.rc">
      <Filter>리소스 파일</Filter>
    </ResourceCompile>
  </ItemGroup>
</Project>